<Solution>
  <Folder Name="/solution/">
    <File Path="AGENTS.md" />
    <File Path="Directory.Build.props" />
    <File Path="Directory.Packages.props" />
    <File Path="README.md" />
  </Folder>
  <Folder Name="/src/">
    <Project Path="src/MacroDeck.PluginTemplate/MacroDeck.PluginTemplate.csproj" />
  </Folder>
  <Folder Name="/tests/">
    <Project Path="tests/MacroDeck.PluginTemplate.Tests/MacroDeck.PluginTemplate.Tests.csproj" />
  </Folder>
</Solution>
