<Solution>
  <Folder Name="/solution/">
    <File Path="AGENTS.md" />
    <File Path="Directory.Build.props" />
    <File Path="Directory.Packages.props" />
    <File Path="README.md" />
  </Folder>
  <Folder Name="/src/">
    <Project Path="src/YouTubeAdSkipper/YouTubeAdSkipper.csproj" />
  </Folder>
  <Folder Name="/tests/">
    <Project Path="tests/YouTubeAdSkipper.Tests/YouTubeAdSkipper.Tests.csproj" />
  </Folder>
</Solution>
